// !$*UTF8*$!
{
	archiveVersion = 1;
	classes = {
	};
	objectVersion = 52;
	objects = {

/* Begin PBXBuildFile section */
		35BCE6C7229D70D30097A61A /* main.swift in Sources */ = {isa = PBXBuildFile; fileRef = OBJ_26 /* main.swift */; };
		D21C37C4207DFA790074470D /* Default-568h@2x.png in Resources */ = {isa = PBXBuildFile; fileRef = D21C37C3207DFA790074470D /* Default-568h@2x.png */; };
		D24EFDB625CF2895001BB280 /* GLApplication in Frameworks */ = {isa = PBXBuildFile; productRef = D24EFDB525CF2895001BB280 /* GLApplication */; };
		D24EFDBF25CF2900001BB280 /* GLApplication in Frameworks */ = {isa = PBXBuildFile; productRef = D24EFDBE25CF2900001BB280 /* GLApplication */; };
		D24EFDC125CF2900001BB280 /* SwiftMath in Frameworks */ = {isa = PBXBuildFile; productRef = D24EFDC025CF2900001BB280 /* SwiftMath */; };
		D266351D1FF82A6F00E5BDAF /* App.swift in Sources */ = {isa = PBXBuildFile; fileRef = OBJ_20 /* App.swift */; };
		D266351E1FF82A6F00E5BDAF /* Cube.swift in Sources */ = {isa = PBXBuildFile; fileRef = OBJ_21 /* Cube.swift */; };
		D266351F1FF82A6F00E5BDAF /* Geometry.swift in Sources */ = {isa = PBXBuildFile; fileRef = OBJ_22 /* Geometry.swift */; };
		D26635211FF82A6F00E5BDAF /* Scene.swift in Sources */ = {isa = PBXBuildFile; fileRef = OBJ_24 /* Scene.swift */; };
		D26635221FF82A6F00E5BDAF /* Shader.swift in Sources */ = {isa = PBXBuildFile; fileRef = OBJ_25 /* Shader.swift */; };
		D26A51CF25CF27B000B0EFD3 /* String_extention.swift in Sources */ = {isa = PBXBuildFile; fileRef = D26A51CE25CF27B000B0EFD3 /* String_extention.swift */; };
		D26A51D025CF27B000B0EFD3 /* String_extention.swift in Sources */ = {isa = PBXBuildFile; fileRef = D26A51CE25CF27B000B0EFD3 /* String_extention.swift */; };
		OBJ_43 /* App.swift in Sources */ = {isa = PBXBuildFile; fileRef = OBJ_20 /* App.swift */; };
		OBJ_44 /* Cube.swift in Sources */ = {isa = PBXBuildFile; fileRef = OBJ_21 /* Cube.swift */; };
		OBJ_45 /* Geometry.swift in Sources */ = {isa = PBXBuildFile; fileRef = OBJ_22 /* Geometry.swift */; };
		OBJ_47 /* Scene.swift in Sources */ = {isa = PBXBuildFile; fileRef = OBJ_24 /* Scene.swift */; };
		OBJ_48 /* Shader.swift in Sources */ = {isa = PBXBuildFile; fileRef = OBJ_25 /* Shader.swift */; };
		OBJ_49 /* main.swift in Sources */ = {isa = PBXBuildFile; fileRef = OBJ_26 /* main.swift */; };
/* End PBXBuildFile section */

/* Begin PBXCopyFilesBuildPhase section */
		35BCE6C5229D6F950097A61A /* CopyFiles */ = {
			isa = PBXCopyFilesBuildPhase;
			buildActionMask = 2147483647;
			dstPath = "";
			dstSubfolderSpec = 10;
			files = (
			);
			runOnlyForDeploymentPostprocessing = 0;
		};
/* End PBXCopyFilesBuildPhase section */

/* Begin PBXFileReference section */
		D21C37C3207DFA790074470D /* Default-568h@2x.png */ = {isa = PBXFileReference; lastKnownFileType = image.png; path = "Default-568h@2x.png"; sourceTree = "<group>"; };
		D22B30DB1FF828D0005D5394 /* iOS_example.app */ = {isa = PBXFileReference; explicitFileType = wrapper.application; includeInIndex = 0; path = iOS_example.app; sourceTree = BUILT_PRODUCTS_DIR; };
		D26A51CE25CF27B000B0EFD3 /* String_extention.swift */ = {isa = PBXFileReference; fileEncoding = 4; lastKnownFileType = sourcecode.swift; path = String_extention.swift; sourceTree = "<group>"; };
		D2DF327625BC43E5002AA42F /* README.md */ = {isa = PBXFileReference; lastKnownFileType = net.daringfireball.markdown; path = README.md; sourceTree = "<group>"; };
		OBJ_20 /* App.swift */ = {isa = PBXFileReference; lastKnownFileType = sourcecode.swift; path = App.swift; sourceTree = "<group>"; };
		OBJ_21 /* Cube.swift */ = {isa = PBXFileReference; lastKnownFileType = sourcecode.swift; path = Cube.swift; sourceTree = "<group>"; };
		OBJ_22 /* Geometry.swift */ = {isa = PBXFileReference; lastKnownFileType = sourcecode.swift; path = Geometry.swift; sourceTree = "<group>"; };
		OBJ_24 /* Scene.swift */ = {isa = PBXFileReference; lastKnownFileType = sourcecode.swift; path = Scene.swift; sourceTree = "<group>"; };
		OBJ_25 /* Shader.swift */ = {isa = PBXFileReference; lastKnownFileType = sourcecode.swift; path = Shader.swift; sourceTree = "<group>"; };
		OBJ_26 /* main.swift */ = {isa = PBXFileReference; lastKnownFileType = sourcecode.swift; path = main.swift; sourceTree = "<group>"; };
		OBJ_6 /* Package.swift */ = {isa = PBXFileReference; explicitFileType = sourcecode.swift; path = Package.swift; sourceTree = "<group>"; };
		"opengl_example::app::Product" /* app */ = {isa = PBXFileReference; explicitFileType = "compiled.mach-o.executable"; path = app; sourceTree = BUILT_PRODUCTS_DIR; };
/* End PBXFileReference section */

/* Begin PBXFrameworksBuildPhase section */
		D22B30D81FF828D0005D5394 /* Frameworks */ = {
			isa = PBXFrameworksBuildPhase;
			buildActionMask = 2147483647;
			files = (
				D24EFDB625CF2895001BB280 /* GLApplication in Frameworks */,
			);
			runOnlyForDeploymentPostprocessing = 0;
		};
		OBJ_50 /* Frameworks */ = {
			isa = PBXFrameworksBuildPhase;
			buildActionMask = 0;
			files = (
				D24EFDC125CF2900001BB280 /* SwiftMath in Frameworks */,
				D24EFDBF25CF2900001BB280 /* GLApplication in Frameworks */,
			);
			runOnlyForDeploymentPostprocessing = 0;
		};
/* End PBXFrameworksBuildPhase section */

/* Begin PBXGroup section */
		D22B30D51FF828AA005D5394 /* Frameworks */ = {
			isa = PBXGroup;
			children = (
			);
			name = Frameworks;
			sourceTree = "<group>";
		};
		OBJ_19 /* app */ = {
			isa = PBXGroup;
			children = (
				OBJ_20 /* App.swift */,
				OBJ_21 /* Cube.swift */,
				OBJ_22 /* Geometry.swift */,
				OBJ_24 /* Scene.swift */,
				OBJ_25 /* Shader.swift */,
				OBJ_26 /* main.swift */,
				D26A51CE25CF27B000B0EFD3 /* String_extention.swift */,
			);
			name = app;
			path = Sources/app;
			sourceTree = SOURCE_ROOT;
		};
		OBJ_27 /* Tests */ = {
			isa = PBXGroup;
			children = (
			);
			name = Tests;
			sourceTree = SOURCE_ROOT;
		};
		OBJ_28 /* Products */ = {
			isa = PBXGroup;
			children = (
				"opengl_example::app::Product" /* app */,
				D22B30DB1FF828D0005D5394 /* iOS_example.app */,
			);
			name = Products;
			sourceTree = BUILT_PRODUCTS_DIR;
		};
		OBJ_5 = {
			isa = PBXGroup;
			children = (
				D21C37C3207DFA790074470D /* Default-568h@2x.png */,
				D2DF327625BC43E5002AA42F /* README.md */,
				OBJ_6 /* Package.swift */,
				OBJ_7 /* Sources */,
				OBJ_27 /* Tests */,
				OBJ_28 /* Products */,
				D22B30D51FF828AA005D5394 /* Frameworks */,
			);
			sourceTree = "<group>";
		};
		OBJ_7 /* Sources */ = {
			isa = PBXGroup;
			children = (
				OBJ_19 /* app */,
			);
			name = Sources;
			sourceTree = SOURCE_ROOT;
		};
/* End PBXGroup section */

/* Begin PBXNativeTarget section */
		D22B30DA1FF828D0005D5394 /* iOS_example */ = {
			isa = PBXNativeTarget;
			buildConfigurationList = D22B30EA1FF828D1005D5394 /* Build configuration list for PBXNativeTarget "iOS_example" */;
			buildPhases = (
				D22B30D71FF828D0005D5394 /* Sources */,
				D22B30D81FF828D0005D5394 /* Frameworks */,
				D22B30D91FF828D0005D5394 /* Resources */,
				35BCE6C5229D6F950097A61A /* CopyFiles */,
			);
			buildRules = (
			);
			dependencies = (
				D24EFDC825CF2919001BB280 /* PBXTargetDependency */,
				D24EFDB925CF28B6001BB280 /* PBXTargetDependency */,
			);
			name = iOS_example;
			packageProductDependencies = (
				D24EFDB525CF2895001BB280 /* GLApplication */,
			);
			productName = iOS_example;
			productReference = D22B30DB1FF828D0005D5394 /* iOS_example.app */;
			productType = "com.apple.product-type.application";
		};
		"opengl_example::app" /* app */ = {
			isa = PBXNativeTarget;
			buildConfigurationList = OBJ_39 /* Build configuration list for PBXNativeTarget "app" */;
			buildPhases = (
				OBJ_42 /* Sources */,
				OBJ_50 /* Frameworks */,
			);
			buildRules = (
			);
			dependencies = (
				D24EFDC325CF2908001BB280 /* PBXTargetDependency */,
				D24EFDC525CF2908001BB280 /* PBXTargetDependency */,
			);
			name = app;
			packageProductDependencies = (
				D24EFDBE25CF2900001BB280 /* GLApplication */,
				D24EFDC025CF2900001BB280 /* SwiftMath */,
			);
			productName = app;
			productReference = "opengl_example::app::Product" /* app */;
			productType = "com.apple.product-type.tool";
		};
/* End PBXNativeTarget section */

/* Begin PBXProject section */
		OBJ_1 /* Project object */ = {
			isa = PBXProject;
			attributes = {
				LastSwiftUpdateCheck = 0920;
				LastUpgradeCheck = 1240;
				TargetAttributes = {
					D22B30DA1FF828D0005D5394 = {
						CreatedOnToolsVersion = 9.2;
						DevelopmentTeam = 578DNB2BJ7;
						LastSwiftMigration = 1020;
						ProvisioningStyle = Automatic;
					};
					"opengl_example::app" = {
						LastSwiftMigration = 1020;
					};
				};
			};
			buildConfigurationList = OBJ_2 /* Build configuration list for PBXProject "opengl_example" */;
			compatibilityVersion = "Xcode 3.2";
			developmentRegion = en;
			hasScannedForEncodings = 0;
			knownRegions = (
				en,
				Base,
			);
			mainGroup = OBJ_5;
			packageReferences = (
				D2DF328A25BC53AB002AA42F /* XCRemoteSwiftPackageReference "GLAppBase" */,
				D26A51D625CF286D00B0EFD3 /* XCRemoteSwiftPackageReference "SwiftMath" */,
			);
			productRefGroup = OBJ_28 /* Products */;
			projectDirPath = "";
			projectRoot = "";
			targets = (
				"opengl_example::app" /* app */,
				D22B30DA1FF828D0005D5394 /* iOS_example */,
			);
		};
/* End PBXProject section */

/* Begin PBXResourcesBuildPhase section */
		D22B30D91FF828D0005D5394 /* Resources */ = {
			isa = PBXResourcesBuildPhase;
			buildActionMask = 2147483647;
			files = (
				D21C37C4207DFA790074470D /* Default-568h@2x.png in Resources */,
			);
			runOnlyForDeploymentPostprocessing = 0;
		};
/* End PBXResourcesBuildPhase section */

/* Begin PBXSourcesBuildPhase section */
		D22B30D71FF828D0005D5394 /* Sources */ = {
			isa = PBXSourcesBuildPhase;
			buildActionMask = 2147483647;
			files = (
				D26635221FF82A6F00E5BDAF /* Shader.swift in Sources */,
				35BCE6C7229D70D30097A61A /* main.swift in Sources */,
				D266351F1FF82A6F00E5BDAF /* Geometry.swift in Sources */,
				D26A51D025CF27B000B0EFD3 /* String_extention.swift in Sources */,
				D26635211FF82A6F00E5BDAF /* Scene.swift in Sources */,
				D266351D1FF82A6F00E5BDAF /* App.swift in Sources */,
				D266351E1FF82A6F00E5BDAF /* Cube.swift in Sources */,
			);
			runOnlyForDeploymentPostprocessing = 0;
		};
		OBJ_42 /* Sources */ = {
			isa = PBXSourcesBuildPhase;
			buildActionMask = 0;
			files = (
				OBJ_43 /* App.swift in Sources */,
				OBJ_44 /* Cube.swift in Sources */,
				OBJ_45 /* Geometry.swift in Sources */,
				D26A51CF25CF27B000B0EFD3 /* String_extention.swift in Sources */,
				OBJ_47 /* Scene.swift in Sources */,
				OBJ_48 /* Shader.swift in Sources */,
				OBJ_49 /* main.swift in Sources */,
			);
			runOnlyForDeploymentPostprocessing = 0;
		};
/* End PBXSourcesBuildPhase section */

/* Begin PBXTargetDependency section */
		D24EFDB925CF28B6001BB280 /* PBXTargetDependency */ = {
			isa = PBXTargetDependency;
			productRef = D24EFDB825CF28B6001BB280 /* GLApplication */;
		};
		D24EFDC325CF2908001BB280 /* PBXTargetDependency */ = {
			isa = PBXTargetDependency;
			productRef = D24EFDC225CF2908001BB280 /* GLApplication */;
		};
		D24EFDC525CF2908001BB280 /* PBXTargetDependency */ = {
			isa = PBXTargetDependency;
			productRef = D24EFDC425CF2908001BB280 /* SwiftMath */;
		};
		D24EFDC825CF2919001BB280 /* PBXTargetDependency */ = {
			isa = PBXTargetDependency;
			productRef = D24EFDC725CF2919001BB280 /* SwiftMath */;
		};
/* End PBXTargetDependency section */

/* Begin XCBuildConfiguration section */
		D22B30EB1FF828D1005D5394 /* Debug */ = {
			isa = XCBuildConfiguration;
			buildSettings = {
				ALWAYS_SEARCH_USER_PATHS = NO;
				ASSETCATALOG_COMPILER_APPICON_NAME = AppIcon;
				CLANG_ANALYZER_NONNULL = YES;
				CLANG_ANALYZER_NUMBER_OBJECT_CONVERSION = YES_AGGRESSIVE;
				CLANG_CXX_LANGUAGE_STANDARD = "gnu++14";
				CLANG_CXX_LIBRARY = "libc++";
				CLANG_ENABLE_MODULES = YES;
				CLANG_WARN_BLOCK_CAPTURE_AUTORELEASING = YES;
				CLANG_WARN_BOOL_CONVERSION = YES;
				CLANG_WARN_COMMA = YES;
				CLANG_WARN_CONSTANT_CONVERSION = YES;
				CLANG_WARN_DIRECT_OBJC_ISA_USAGE = YES_ERROR;
				CLANG_WARN_DOCUMENTATION_COMMENTS = YES;
				CLANG_WARN_EMPTY_BODY = YES;
				CLANG_WARN_ENUM_CONVERSION = YES;
				CLANG_WARN_INFINITE_RECURSION = YES;
				CLANG_WARN_INT_CONVERSION = YES;
				CLANG_WARN_NON_LITERAL_NULL_CONVERSION = YES;
				CLANG_WARN_OBJC_LITERAL_CONVERSION = YES;
				CLANG_WARN_OBJC_ROOT_CLASS = YES_ERROR;
				CLANG_WARN_RANGE_LOOP_ANALYSIS = YES;
				CLANG_WARN_STRICT_PROTOTYPES = YES;
				CLANG_WARN_SUSPICIOUS_MOVE = YES;
				CLANG_WARN_UNGUARDED_AVAILABILITY = YES_AGGRESSIVE;
				CLANG_WARN_UNREACHABLE_CODE = YES;
				CLANG_WARN__DUPLICATE_METHOD_MATCH = YES;
				CODE_SIGN_IDENTITY = "iPhone Developer";
				CODE_SIGN_STYLE = Automatic;
				DEVELOPMENT_TEAM = 578DNB2BJ7;
				ENABLE_STRICT_OBJC_MSGSEND = YES;
				ENABLE_TESTABILITY = YES;
				GCC_C_LANGUAGE_STANDARD = gnu11;
				GCC_DYNAMIC_NO_PIC = NO;
				GCC_NO_COMMON_BLOCKS = YES;
				GCC_PREPROCESSOR_DEFINITIONS = (
					"DEBUG=1",
					"$(inherited)",
				);
				GCC_WARN_64_TO_32_BIT_CONVERSION = YES;
				GCC_WARN_ABOUT_RETURN_TYPE = YES_ERROR;
				GCC_WARN_UNDECLARED_SELECTOR = YES;
				GCC_WARN_UNINITIALIZED_AUTOS = YES_AGGRESSIVE;
				GCC_WARN_UNUSED_FUNCTION = YES;
				GCC_WARN_UNUSED_VARIABLE = YES;
				INFOPLIST_FILE = opengl_example.xcodeproj/Info_ios.plist;
				IPHONEOS_DEPLOYMENT_TARGET = 12.0;
				LD_RUNPATH_SEARCH_PATHS = (
					"$(inherited)",
					"@executable_path/Frameworks",
				);
				MTL_ENABLE_DEBUG_INFO = YES;
				PRODUCT_BUNDLE_IDENTIFIER = "com.sakrist.iOS-example";
				PRODUCT_NAME = "$(TARGET_NAME)";
				SDKROOT = iphoneos;
				SWIFT_ACTIVE_COMPILATION_CONDITIONS = DEBUG;
				SWIFT_VERSION = 5.0;
				TARGETED_DEVICE_FAMILY = "1,2";
			};
			name = Debug;
		};
		D22B30EC1FF828D1005D5394 /* Release */ = {
			isa = XCBuildConfiguration;
			buildSettings = {
				ALWAYS_SEARCH_USER_PATHS = NO;
				ASSETCATALOG_COMPILER_APPICON_NAME = AppIcon;
				CLANG_ANALYZER_NONNULL = YES;
				CLANG_ANALYZER_NUMBER_OBJECT_CONVERSION = YES_AGGRESSIVE;
				CLANG_CXX_LANGUAGE_STANDARD = "gnu++14";
				CLANG_CXX_LIBRARY = "libc++";
				CLANG_ENABLE_MODULES = YES;
				CLANG_WARN_BLOCK_CAPTURE_AUTORELEASING = YES;
				CLANG_WARN_BOOL_CONVERSION = YES;
				CLANG_WARN_COMMA = YES;
				CLANG_WARN_CONSTANT_CONVERSION = YES;
				CLANG_WARN_DIRECT_OBJC_ISA_USAGE = YES_ERROR;
				CLANG_WARN_DOCUMENTATION_COMMENTS = YES;
				CLANG_WARN_EMPTY_BODY = YES;
				CLANG_WARN_ENUM_CONVERSION = YES;
				CLANG_WARN_INFINITE_RECURSION = YES;
				CLANG_WARN_INT_CONVERSION = YES;
				CLANG_WARN_NON_LITERAL_NULL_CONVERSION = YES;
				CLANG_WARN_OBJC_LITERAL_CONVERSION = YES;
				CLANG_WARN_OBJC_ROOT_CLASS = YES_ERROR;
				CLANG_WARN_RANGE_LOOP_ANALYSIS = YES;
				CLANG_WARN_STRICT_PROTOTYPES = YES;
				CLANG_WARN_SUSPICIOUS_MOVE = YES;
				CLANG_WARN_UNGUARDED_AVAILABILITY = YES_AGGRESSIVE;
				CLANG_WARN_UNREACHABLE_CODE = YES;
				CLANG_WARN__DUPLICATE_METHOD_MATCH = YES;
				CODE_SIGN_IDENTITY = "iPhone Developer";
				CODE_SIGN_STYLE = Automatic;
				COPY_PHASE_STRIP = NO;
				DEVELOPMENT_TEAM = 578DNB2BJ7;
				ENABLE_NS_ASSERTIONS = NO;
				ENABLE_STRICT_OBJC_MSGSEND = YES;
				GCC_C_LANGUAGE_STANDARD = gnu11;
				GCC_NO_COMMON_BLOCKS = YES;
				GCC_WARN_64_TO_32_BIT_CONVERSION = YES;
				GCC_WARN_ABOUT_RETURN_TYPE = YES_ERROR;
				GCC_WARN_UNDECLARED_SELECTOR = YES;
				GCC_WARN_UNINITIALIZED_AUTOS = YES_AGGRESSIVE;
				GCC_WARN_UNUSED_FUNCTION = YES;
				GCC_WARN_UNUSED_VARIABLE = YES;
				INFOPLIST_FILE = opengl_example.xcodeproj/Info_ios.plist;
				IPHONEOS_DEPLOYMENT_TARGET = 12.0;
				LD_RUNPATH_SEARCH_PATHS = (
					"$(inherited)",
					"@executable_path/Frameworks",
				);
				MTL_ENABLE_DEBUG_INFO = NO;
				PRODUCT_BUNDLE_IDENTIFIER = "com.sakrist.iOS-example";
				PRODUCT_NAME = "$(TARGET_NAME)";
				SDKROOT = iphoneos;
				SWIFT_VERSION = 5.0;
				TARGETED_DEVICE_FAMILY = "1,2";
				VALIDATE_PRODUCT = YES;
			};
			name = Release;
		};
		OBJ_3 /* Debug */ = {
			isa = XCBuildConfiguration;
			buildSettings = {
				CLANG_ANALYZER_LOCALIZABILITY_NONLOCALIZED = YES;
				CLANG_ENABLE_OBJC_ARC = YES;
				CLANG_WARN_BLOCK_CAPTURE_AUTORELEASING = YES;
				CLANG_WARN_BOOL_CONVERSION = YES;
				CLANG_WARN_COMMA = YES;
				CLANG_WARN_CONSTANT_CONVERSION = YES;
				CLANG_WARN_DEPRECATED_OBJC_IMPLEMENTATIONS = YES;
				CLANG_WARN_EMPTY_BODY = YES;
				CLANG_WARN_ENUM_CONVERSION = YES;
				CLANG_WARN_INFINITE_RECURSION = YES;
				CLANG_WARN_INT_CONVERSION = YES;
				CLANG_WARN_NON_LITERAL_NULL_CONVERSION = YES;
				CLANG_WARN_OBJC_IMPLICIT_RETAIN_SELF = YES;
				CLANG_WARN_OBJC_LITERAL_CONVERSION = YES;
				CLANG_WARN_QUOTED_INCLUDE_IN_FRAMEWORK_HEADER = YES;
				CLANG_WARN_RANGE_LOOP_ANALYSIS = YES;
				CLANG_WARN_STRICT_PROTOTYPES = YES;
				CLANG_WARN_SUSPICIOUS_MOVE = YES;
				CLANG_WARN_UNREACHABLE_CODE = YES;
				CLANG_WARN__DUPLICATE_METHOD_MATCH = YES;
				COMBINE_HIDPI_IMAGES = YES;
				COPY_PHASE_STRIP = NO;
				DEBUG_INFORMATION_FORMAT = dwarf;
				DYLIB_INSTALL_NAME_BASE = "@rpath";
				ENABLE_NS_ASSERTIONS = YES;
				ENABLE_STRICT_OBJC_MSGSEND = YES;
				ENABLE_TESTABILITY = YES;
				GCC_NO_COMMON_BLOCKS = YES;
				GCC_OPTIMIZATION_LEVEL = 0;
				GCC_WARN_64_TO_32_BIT_CONVERSION = YES;
				GCC_WARN_ABOUT_RETURN_TYPE = YES;
				GCC_WARN_UNDECLARED_SELECTOR = YES;
				GCC_WARN_UNINITIALIZED_AUTOS = YES;
				GCC_WARN_UNUSED_FUNCTION = YES;
				GCC_WARN_UNUSED_VARIABLE = YES;
				MACOSX_DEPLOYMENT_TARGET = 10.10;
				ONLY_ACTIVE_ARCH = YES;
				OTHER_SWIFT_FLAGS = "-DXcode";
				PRODUCT_NAME = "$(TARGET_NAME)";
				SDKROOT = macosx;
				SUPPORTED_PLATFORMS = "macosx iphoneos iphonesimulator appletvos appletvsimulator watchos watchsimulator";
				SWIFT_ACTIVE_COMPILATION_CONDITIONS = SWIFT_PACKAGE;
				SWIFT_OPTIMIZATION_LEVEL = "-Onone";
				USE_HEADERMAP = NO;
			};
			name = Debug;
		};
		OBJ_4 /* Release */ = {
			isa = XCBuildConfiguration;
			buildSettings = {
				CLANG_ANALYZER_LOCALIZABILITY_NONLOCALIZED = YES;
				CLANG_ENABLE_OBJC_ARC = YES;
				CLANG_WARN_BLOCK_CAPTURE_AUTORELEASING = YES;
				CLANG_WARN_BOOL_CONVERSION = YES;
				CLANG_WARN_COMMA = YES;
				CLANG_WARN_CONSTANT_CONVERSION = YES;
				CLANG_WARN_DEPRECATED_OBJC_IMPLEMENTATIONS = YES;
				CLANG_WARN_EMPTY_BODY = YES;
				CLANG_WARN_ENUM_CONVERSION = YES;
				CLANG_WARN_INFINITE_RECURSION = YES;
				CLANG_WARN_INT_CONVERSION = YES;
				CLANG_WARN_NON_LITERAL_NULL_CONVERSION = YES;
				CLANG_WARN_OBJC_IMPLICIT_RETAIN_SELF = YES;
				CLANG_WARN_OBJC_LITERAL_CONVERSION = YES;
				CLANG_WARN_QUOTED_INCLUDE_IN_FRAMEWORK_HEADER = YES;
				CLANG_WARN_RANGE_LOOP_ANALYSIS = YES;
				CLANG_WARN_STRICT_PROTOTYPES = YES;
				CLANG_WARN_SUSPICIOUS_MOVE = YES;
				CLANG_WARN_UNREACHABLE_CODE = YES;
				CLANG_WARN__DUPLICATE_METHOD_MATCH = YES;
				COMBINE_HIDPI_IMAGES = YES;
				COPY_PHASE_STRIP = YES;
				DEBUG_INFORMATION_FORMAT = "dwarf-with-dsym";
				DYLIB_INSTALL_NAME_BASE = "@rpath";
				ENABLE_STRICT_OBJC_MSGSEND = YES;
				GCC_NO_COMMON_BLOCKS = YES;
				GCC_OPTIMIZATION_LEVEL = s;
				GCC_WARN_64_TO_32_BIT_CONVERSION = YES;
				GCC_WARN_ABOUT_RETURN_TYPE = YES;
				GCC_WARN_UNDECLARED_SELECTOR = YES;
				GCC_WARN_UNINITIALIZED_AUTOS = YES;
				GCC_WARN_UNUSED_FUNCTION = YES;
				GCC_WARN_UNUSED_VARIABLE = YES;
				MACOSX_DEPLOYMENT_TARGET = 10.10;
				OTHER_SWIFT_FLAGS = "-DXcode";
				PRODUCT_NAME = "$(TARGET_NAME)";
				SDKROOT = macosx;
				SUPPORTED_PLATFORMS = "macosx iphoneos iphonesimulator appletvos appletvsimulator watchos watchsimulator";
				SWIFT_ACTIVE_COMPILATION_CONDITIONS = SWIFT_PACKAGE;
				SWIFT_COMPILATION_MODE = wholemodule;
				SWIFT_OPTIMIZATION_LEVEL = "-O";
				USE_HEADERMAP = NO;
			};
			name = Release;
		};
		OBJ_40 /* Debug */ = {
			isa = XCBuildConfiguration;
			buildSettings = {
				CODE_SIGN_IDENTITY = "-";
				FRAMEWORK_SEARCH_PATHS = (
					"$(inherited)",
					"$(PLATFORM_DIR)/Developer/Library/Frameworks",
				);
				HEADER_SEARCH_PATHS = "$(inherited)";
				INFOPLIST_FILE = opengl_example.xcodeproj/app_Info.plist;
				LD_RUNPATH_SEARCH_PATHS = (
					"$(TOOLCHAIN_DIR)/usr/lib/swift/macosx",
					"@executable_path",
				);
				OTHER_LDFLAGS = "$(inherited)";
				OTHER_SWIFT_FLAGS = "$(inherited)";
				SWIFT_FORCE_DYNAMIC_LINK_STDLIB = YES;
				SWIFT_FORCE_STATIC_LINK_STDLIB = NO;
				SWIFT_VERSION = 5.0;
				TARGET_NAME = app;
			};
			name = Debug;
		};
		OBJ_41 /* Release */ = {
			isa = XCBuildConfiguration;
			buildSettings = {
				CODE_SIGN_IDENTITY = "-";
				FRAMEWORK_SEARCH_PATHS = (
					"$(inherited)",
					"$(PLATFORM_DIR)/Developer/Library/Frameworks",
				);
				HEADER_SEARCH_PATHS = "$(inherited)";
				INFOPLIST_FILE = opengl_example.xcodeproj/app_Info.plist;
				LD_RUNPATH_SEARCH_PATHS = (
					"$(TOOLCHAIN_DIR)/usr/lib/swift/macosx",
					"@executable_path",
				);
				OTHER_LDFLAGS = "$(inherited)";
				OTHER_SWIFT_FLAGS = "$(inherited)";
				SWIFT_FORCE_DYNAMIC_LINK_STDLIB = YES;
				SWIFT_FORCE_STATIC_LINK_STDLIB = NO;
				SWIFT_VERSION = 5.0;
				TARGET_NAME = app;
			};
			name = Release;
		};
/* End XCBuildConfiguration section */

/* Begin XCConfigurationList section */
		D22B30EA1FF828D1005D5394 /* Build configuration list for PBXNativeTarget "iOS_example" */ = {
			isa = XCConfigurationList;
			buildConfigurations = (
				D22B30EB1FF828D1005D5394 /* Debug */,
				D22B30EC1FF828D1005D5394 /* Release */,
			);
			defaultConfigurationIsVisible = 0;
			defaultConfigurationName = Debug;
		};
		OBJ_2 /* Build configuration list for PBXProject "opengl_example" */ = {
			isa = XCConfigurationList;
			buildConfigurations = (
				OBJ_3 /* Debug */,
				OBJ_4 /* Release */,
			);
			defaultConfigurationIsVisible = 0;
			defaultConfigurationName = Debug;
		};
		OBJ_39 /* Build configuration list for PBXNativeTarget "app" */ = {
			isa = XCConfigurationList;
			buildConfigurations = (
				OBJ_40 /* Debug */,
				OBJ_41 /* Release */,
			);
			defaultConfigurationIsVisible = 0;
			defaultConfigurationName = Debug;
		};
/* End XCConfigurationList section */

/* Begin XCRemoteSwiftPackageReference section */
		D26A51D625CF286D00B0EFD3 /* XCRemoteSwiftPackageReference "SwiftMath" */ = {
			isa = XCRemoteSwiftPackageReference;
			repositoryURL = "https://github.com/sakrist/SwiftMath";
			requirement = {
				branch = "feature/matrix3x3-tests";
				kind = branch;
			};
		};
		D2DF328A25BC53AB002AA42F /* XCRemoteSwiftPackageReference "GLAppBase" */ = {
			isa = XCRemoteSwiftPackageReference;
			repositoryURL = "https://github.com/sakrist/GLAppBase";
			requirement = {
				branch = "feature/build-with-spm";
				kind = branch;
			};
		};
/* End XCRemoteSwiftPackageReference section */

/* Begin XCSwiftPackageProductDependency section */
		D24EFDB525CF2895001BB280 /* GLApplication */ = {
			isa = XCSwiftPackageProductDependency;
			package = D2DF328A25BC53AB002AA42F /* XCRemoteSwiftPackageReference "GLAppBase" */;
			productName = GLApplication;
		};
		D24EFDB825CF28B6001BB280 /* GLApplication */ = {
			isa = XCSwiftPackageProductDependency;
			package = D2DF328A25BC53AB002AA42F /* XCRemoteSwiftPackageReference "GLAppBase" */;
			productName = GLApplication;
		};
		D24EFDBE25CF2900001BB280 /* GLApplication */ = {
			isa = XCSwiftPackageProductDependency;
			package = D2DF328A25BC53AB002AA42F /* XCRemoteSwiftPackageReference "GLAppBase" */;
			productName = GLApplication;
		};
		D24EFDC025CF2900001BB280 /* SwiftMath */ = {
			isa = XCSwiftPackageProductDependency;
			package = D26A51D625CF286D00B0EFD3 /* XCRemoteSwiftPackageReference "SwiftMath" */;
			productName = SwiftMath;
		};
		D24EFDC225CF2908001BB280 /* GLApplication */ = {
			isa = XCSwiftPackageProductDependency;
			package = D2DF328A25BC53AB002AA42F /* XCRemoteSwiftPackageReference "GLAppBase" */;
			productName = GLApplication;
		};
		D24EFDC425CF2908001BB280 /* SwiftMath */ = {
			isa = XCSwiftPackageProductDependency;
			package = D26A51D625CF286D00B0EFD3 /* XCRemoteSwiftPackageReference "SwiftMath" */;
			productName = SwiftMath;
		};
		D24EFDC725CF2919001BB280 /* SwiftMath */ = {
			isa = XCSwiftPackageProductDependency;
			package = D26A51D625CF286D00B0EFD3 /* XCRemoteSwiftPackageReference "SwiftMath" */;
			productName = SwiftMath;
		};
/* End XCSwiftPackageProductDependency section */
	};
	rootObject = OBJ_1 /* Project object */;
}
